{
  "name": "tsb",
  "version": "1.0.0",
  "lockfileVersion": 2,
  "requires": true,
  "packages": {
    "": {
      "name": "tsb",
      "version": "1.0.0",
      "license": "MIT",
      "dependencies": {
        "@types/adm-zip": "^0.5.0",
        "@types/node": "^18.11.9",
        "@types/uglify-js": "^3.17.1",
        "adm-zip": "^0.5.9",
        "uglify-js": "^3.17.4"
      }
    },
    "node_modules/@types/adm-zip": {
      "version": "0.5.0",
      "resolved": "https://registry.npmjs.org/@types/adm-zip/-/adm-zip-0.5.0.tgz",
      "integrity": "sha512-FCJBJq9ODsQZUNURo5ILAQueuA8WJhRvuihS3ke2iI25mJlfV2LK8jG2Qj2z2AWg8U0FtWWqBHVRetceLskSaw==",
      "dependencies": {
        "@types/node": "*"
      }
    },
    "node_modules/@types/node": {
      "version": "18.11.9",
      "resolved": "https://registry.npmjs.org/@types/node/-/node-18.11.9.tgz",
      "integrity": "sha512-CRpX21/kGdzjOpFsZSkcrXMGIBWMGNIHXXBVFSH+ggkftxg+XYP20TESbh+zFvFj3EQOl5byk0HTRn1IL6hbqg=="
    },
    "node_modules/@types/uglify-js": {
      "version": "3.17.1",
      "resolved": "https://registry.npmjs.org/@types/uglify-js/-/uglify-js-3.17.1.tgz",
      "integrity": "sha512-GkewRA4i5oXacU/n4MA9+bLgt5/L3F1mKrYvFGm7r2ouLXhRKjuWwo9XHNnbx6WF3vlGW21S3fCvgqxvxXXc5g==",
      "dependencies": {
        "source-map": "^0.6.1"
      }
    },
    "node_modules/adm-zip": {
      "version": "0.5.9",
      "resolved": "https://registry.npmjs.org/adm-zip/-/adm-zip-0.5.9.tgz",
      "integrity": "sha512-s+3fXLkeeLjZ2kLjCBwQufpI5fuN+kIGBxu6530nVQZGVol0d7Y/M88/xw9HGGUcJjKf8LutN3VPRUBq6N7Ajg==",
      "engines": {
        "node": ">=6.0"
      }
    },
    "node_modules/source-map": {
      "version": "0.6.1",
      "resolved": "https://registry.npmjs.org/source-map/-/source-map-0.6.1.tgz",
      "integrity": "sha512-UjgapumWlbMhkBgzT7Ykc5YXUT46F0iKu8SGXq0bcwP5dz/h0Plj6enJqjz1Zbq2l5WaqYnrVbwWOWMyF3F47g==",
      "engines": {
        "node": ">=0.10.0"
      }
    },
    "node_modules/uglify-js": {
      "version": "3.17.4",
      "resolved": "https://registry.npmjs.org/uglify-js/-/uglify-js-3.17.4.tgz",
      "integrity": "sha512-T9q82TJI9e/C1TAxYvfb16xO120tMVFZrGA3f9/P4424DNu6ypK103y0GPFVa17yotwSyZW5iYXgjYHkGrJW/g==",
      "bin": {
        "uglifyjs": "bin/uglifyjs"
      },
      "engines": {
        "node": ">=0.8.0"
      }
    }
  },
  "dependencies": {
    "@types/adm-zip": {
      "version": "0.5.0",
      "resolved": "https://registry.npmjs.org/@types/adm-zip/-/adm-zip-0.5.0.tgz",
      "integrity": "sha512-FCJBJq9ODsQZUNURo5ILAQueuA8WJhRvuihS3ke2iI25mJlfV2LK8jG2Qj2z2AWg8U0FtWWqBHVRetceLskSaw==",
      "requires": {
        "@types/node": "*"
      }
    },
    "@types/node": {
      "version": "18.11.9",
      "resolved": "https://registry.npmjs.org/@types/node/-/node-18.11.9.tgz",
      "integrity": "sha512-CRpX21/kGdzjOpFsZSkcrXMGIBWMGNIHXXBVFSH+ggkftxg+XYP20TESbh+zFvFj3EQOl5byk0HTRn1IL6hbqg=="
    },
    "@types/uglify-js": {
      "version": "3.17.1",
      "resolved": "https://registry.npmjs.org/@types/uglify-js/-/uglify-js-3.17.1.tgz",
      "integrity": "sha512-GkewRA4i5oXacU/n4MA9+bLgt5/L3F1mKrYvFGm7r2ouLXhRKjuWwo9XHNnbx6WF3vlGW21S3fCvgqxvxXXc5g==",
      "requires": {
        "source-map": "^0.6.1"
      }
    },
    "adm-zip": {
      "version": "0.5.9",
      "resolved": "https://registry.npmjs.org/adm-zip/-/adm-zip-0.5.9.tgz",
      "integrity": "sha512-s+3fXLkeeLjZ2kLjCBwQufpI5fuN+kIGBxu6530nVQZGVol0d7Y/M88/xw9HGGUcJjKf8LutN3VPRUBq6N7Ajg=="
    },
    "source-map": {
      "version": "0.6.1",
      "resolved": "https://registry.npmjs.org/source-map/-/source-map-0.6.1.tgz",
      "integrity": "sha512-UjgapumWlbMhkBgzT7Ykc5YXUT46F0iKu8SGXq0bcwP5dz/h0Plj6enJqjz1Zbq2l5WaqYnrVbwWOWMyF3F47g=="
    },
    "uglify-js": {
      "version": "3.17.4",
      "resolved": "https://registry.npmjs.org/uglify-js/-/uglify-js-3.17.4.tgz",
      "integrity": "sha512-T9q82TJI9e/C1TAxYvfb16xO120tMVFZrGA3f9/P4424DNu6ypK103y0GPFVa17yotwSyZW5iYXgjYHkGrJW/g=="
    }
  }
}
